
Microsoft Visual Studio Solution File, Format Version 12.00
# Visual Studio Version 17
VisualStudioVersion = 17.1.32328.378
MinimumVisualStudioVersion = 10.0.40219.1
Project("{8BC9CEB8-8B4A-11D0-8D11-00A0C91BC942}") = "Functions", "Functions\Functions.vcxproj", "{3446806A-0559-47E0-9E29-D3E3FD1B12D7}"
EndProject
Project("{8BC9CEB8-8B4A-11D0-8D11-00A0C91BC942}") = "Factorial", "Factorial\Factorial.vcxproj", "{907C0742-0C0F-447F-9F10-88A171CBC847}"
EndProject
Project("{8BC9CEB8-8B4A-11D0-8D11-00A0C91BC942}") = "Arrays", "Arrays\Arrays.vcxproj", "{F8129026-D4F3-48FF-83E1-1383EFB33D11}"
EndProject
Project("{8BC9CEB8-8B4A-11D0-8D11-00A0C91BC942}") = "FunctionsArraysSort", "FunctionsArraysSort\FunctionsArraysSort.vcxproj", "{E1B616D8-88B3-4D9B-A164-D19060D33E8D}"
EndProject
Project("{8BC9CEB8-8B4A-11D0-8D11-00A0C91BC942}") = "OverloadFuctions", "OverloadFuctions\OverloadFuctions.vcxproj", "{25299EF3-E57D-4D77-94D3-EE69469F08C9}"
EndProject
Global
	GlobalSection(SolutionConfigurationPlatforms) = preSolution
		Debug|x64 = Debug|x64
		Debug|x86 = Debug|x86
		Release|x64 = Release|x64
		Release|x86 = Release|x86
	EndGlobalSection
	GlobalSection(ProjectConfigurationPlatforms) = postSolution
		{3446806A-0559-47E0-9E29-D3E3FD1B12D7}.Debug|x64.ActiveCfg = Debug|x64
		{3446806A-0559-47E0-9E29-D3E3FD1B12D7}.Debug|x64.Build.0 = Debug|x64
		{3446806A-0559-47E0-9E29-D3E3FD1B12D7}.Debug|x86.ActiveCfg = Debug|Win32
		{3446806A-0559-47E0-9E29-D3E3FD1B12D7}.Debug|x86.Build.0 = Debug|Win32
		{3446806A-0559-47E0-9E29-D3E3FD1B12D7}.Release|x64.ActiveCfg = Release|x64
		{3446806A-0559-47E0-9E29-D3E3FD1B12D7}.Release|x64.Build.0 = Release|x64
		{3446806A-0559-47E0-9E29-D3E3FD1B12D7}.Release|x86.ActiveCfg = Release|Win32
		{3446806A-0559-47E0-9E29-D3E3FD1B12D7}.Release|x86.Build.0 = Release|Win32
		{907C0742-0C0F-447F-9F10-88A171CBC847}.Debug|x64.ActiveCfg = Debug|x64
		{907C0742-0C0F-447F-9F10-88A171CBC847}.Debug|x64.Build.0 = Debug|x64
		{907C0742-0C0F-447F-9F10-88A171CBC847}.Debug|x86.ActiveCfg = Debug|Win32
		{907C0742-0C0F-447F-9F10-88A171CBC847}.Debug|x86.Build.0 = Debug|Win32
		{907C0742-0C0F-447F-9F10-88A171CBC847}.Release|x64.ActiveCfg = Release|x64
		{907C0742-0C0F-447F-9F10-88A171CBC847}.Release|x64.Build.0 = Release|x64
		{907C0742-0C0F-447F-9F10-88A171CBC847}.Release|x86.ActiveCfg = Release|Win32
		{907C0742-0C0F-447F-9F10-88A171CBC847}.Release|x86.Build.0 = Release|Win32
		{F8129026-D4F3-48FF-83E1-1383EFB33D11}.Debug|x64.ActiveCfg = Debug|x64
		{F8129026-D4F3-48FF-83E1-1383EFB33D11}.Debug|x64.Build.0 = Debug|x64
		{F8129026-D4F3-48FF-83E1-1383EFB33D11}.Debug|x86.ActiveCfg = Debug|Win32
		{F8129026-D4F3-48FF-83E1-1383EFB33D11}.Debug|x86.Build.0 = Debug|Win32
		{F8129026-D4F3-48FF-83E1-1383EFB33D11}.Release|x64.ActiveCfg = Release|x64
		{F8129026-D4F3-48FF-83E1-1383EFB33D11}.Release|x64.Build.0 = Release|x64
		{F8129026-D4F3-48FF-83E1-1383EFB33D11}.Release|x86.ActiveCfg = Release|Win32
		{F8129026-D4F3-48FF-83E1-1383EFB33D11}.Release|x86.Build.0 = Release|Win32
		{E1B616D8-88B3-4D9B-A164-D19060D33E8D}.Debug|x64.ActiveCfg = Debug|x64
		{E1B616D8-88B3-4D9B-A164-D19060D33E8D}.Debug|x64.Build.0 = Debug|x64
		{E1B616D8-88B3-4D9B-A164-D19060D33E8D}.Debug|x86.ActiveCfg = Debug|Win32
		{E1B616D8-88B3-4D9B-A164-D19060D33E8D}.Debug|x86.Build.0 = Debug|Win32
		{E1B616D8-88B3-4D9B-A164-D19060D33E8D}.Release|x64.ActiveCfg = Release|x64
		{E1B616D8-88B3-4D9B-A164-D19060D33E8D}.Release|x64.Build.0 = Release|x64
		{E1B616D8-88B3-4D9B-A164-D19060D33E8D}.Release|x86.ActiveCfg = Release|Win32
		{E1B616D8-88B3-4D9B-A164-D19060D33E8D}.Release|x86.Build.0 = Release|Win32
		{25299EF3-E57D-4D77-94D3-EE69469F08C9}.Debug|x64.ActiveCfg = Debug|x64
		{25299EF3-E57D-4D77-94D3-EE69469F08C9}.Debug|x64.Build.0 = Debug|x64
		{25299EF3-E57D-4D77-94D3-EE69469F08C9}.Debug|x86.ActiveCfg = Debug|Win32
		{25299EF3-E57D-4D77-94D3-EE69469F08C9}.Debug|x86.Build.0 = Debug|Win32
		{25299EF3-E57D-4D77-94D3-EE69469F08C9}.Release|x64.ActiveCfg = Release|x64
		{25299EF3-E57D-4D77-94D3-EE69469F08C9}.Release|x64.Build.0 = Release|x64
		{25299EF3-E57D-4D77-94D3-EE69469F08C9}.Release|x86.ActiveCfg = Release|Win32
		{25299EF3-E57D-4D77-94D3-EE69469F08C9}.Release|x86.Build.0 = Release|Win32
	EndGlobalSection
	GlobalSection(SolutionProperties) = preSolution
		HideSolutionNode = FALSE
	EndGlobalSection
	GlobalSection(ExtensibilityGlobals) = postSolution
		SolutionGuid = {85A5DD5E-62CE-4F7B-846C-3B0D6E770B5B}
	EndGlobalSection
EndGlobal
