
Microsoft Visual Studio Solution File, Format Version 12.00
# Visual Studio Version 17
VisualStudioVersion = 17.1.32328.378
MinimumVisualStudioVersion = 10.0.40219.1
Project("{8BC9CEB8-8B4A-11D0-8D11-00A0C91BC942}") = "Arrays", "Arrays\Arrays.vcxproj", "{DFA7AF4E-EBB3-4F01-9A87-DBB359A5AED9}"
EndProject
Project("{8BC9CEB8-8B4A-11D0-8D11-00A0C91BC942}") = "Shift", "Shift\Shift.vcxproj", "{7C0567A8-ECBE-463A-A016-DBBDDE4E9D1D}"
EndProject
Project("{8BC9CEB8-8B4A-11D0-8D11-00A0C91BC942}") = "Work1", "Work1\Work1.vcxproj", "{A5C7E514-B2E6-44F0-8876-5BE81646F32E}"
EndProject
Project("{8BC9CEB8-8B4A-11D0-8D11-00A0C91BC942}") = "Random", "Random\Random.vcxproj", "{CE5E4662-5C07-4F99-B2EE-C15C25D8FDEC}"
EndProject
Project("{8BC9CEB8-8B4A-11D0-8D11-00A0C91BC942}") = "unique_random", "unique_random\unique_random.vcxproj", "{AA7BB706-8FA8-4F77-A091-202AE5340883}"
EndProject
Project("{8BC9CEB8-8B4A-11D0-8D11-00A0C91BC942}") = "Work21_06_2022", "Work21_06_2022\Work21_06_2022.vcxproj", "{2EB0D88E-369F-4307-A3AE-9A99C918DD2A}"
EndProject
Project("{8BC9CEB8-8B4A-11D0-8D11-00A0C91BC942}") = "Numerics", "Numerics\Numerics.vcxproj", "{F8ED7362-F489-44AB-9353-F45DE5E0E1BF}"
EndProject
Project("{8BC9CEB8-8B4A-11D0-8D11-00A0C91BC942}") = "Repeats", "Repeats\Repeats.vcxproj", "{7557AA5C-D815-4676-94F9-5496E7E84241}"
EndProject
Project("{8BC9CEB8-8B4A-11D0-8D11-00A0C91BC942}") = "2d", "2d\2d.vcxproj", "{6E201C30-5B2C-42C1-B822-81F674EECF5B}"
EndProject
Project("{8BC9CEB8-8B4A-11D0-8D11-00A0C91BC942}") = "MatrixMultiplication", "MatrixMultiplication\MatrixMultiplication.vcxproj", "{D5059B74-9D49-4656-9732-398A7AF423F5}"
EndProject
Project("{8BC9CEB8-8B4A-11D0-8D11-00A0C91BC942}") = "Sort2D", "Sort2D\Sort2D.vcxproj", "{B7A7051E-74DF-4BD6-B5A2-7BE80FE057F9}"
EndProject
Global
	GlobalSection(SolutionConfigurationPlatforms) = preSolution
		Debug|x64 = Debug|x64
		Debug|x86 = Debug|x86
		Release|x64 = Release|x64
		Release|x86 = Release|x86
	EndGlobalSection
	GlobalSection(ProjectConfigurationPlatforms) = postSolution
		{DFA7AF4E-EBB3-4F01-9A87-DBB359A5AED9}.Debug|x64.ActiveCfg = Debug|x64
		{DFA7AF4E-EBB3-4F01-9A87-DBB359A5AED9}.Debug|x64.Build.0 = Debug|x64
		{DFA7AF4E-EBB3-4F01-9A87-DBB359A5AED9}.Debug|x86.ActiveCfg = Debug|Win32
		{DFA7AF4E-EBB3-4F01-9A87-DBB359A5AED9}.Debug|x86.Build.0 = Debug|Win32
		{DFA7AF4E-EBB3-4F01-9A87-DBB359A5AED9}.Release|x64.ActiveCfg = Release|x64
		{DFA7AF4E-EBB3-4F01-9A87-DBB359A5AED9}.Release|x64.Build.0 = Release|x64
		{DFA7AF4E-EBB3-4F01-9A87-DBB359A5AED9}.Release|x86.ActiveCfg = Release|Win32
		{DFA7AF4E-EBB3-4F01-9A87-DBB359A5AED9}.Release|x86.Build.0 = Release|Win32
		{7C0567A8-ECBE-463A-A016-DBBDDE4E9D1D}.Debug|x64.ActiveCfg = Debug|x64
		{7C0567A8-ECBE-463A-A016-DBBDDE4E9D1D}.Debug|x64.Build.0 = Debug|x64
		{7C0567A8-ECBE-463A-A016-DBBDDE4E9D1D}.Debug|x86.ActiveCfg = Debug|Win32
		{7C0567A8-ECBE-463A-A016-DBBDDE4E9D1D}.Debug|x86.Build.0 = Debug|Win32
		{7C0567A8-ECBE-463A-A016-DBBDDE4E9D1D}.Release|x64.ActiveCfg = Release|x64
		{7C0567A8-ECBE-463A-A016-DBBDDE4E9D1D}.Release|x64.Build.0 = Release|x64
		{7C0567A8-ECBE-463A-A016-DBBDDE4E9D1D}.Release|x86.ActiveCfg = Release|Win32
		{7C0567A8-ECBE-463A-A016-DBBDDE4E9D1D}.Release|x86.Build.0 = Release|Win32
		{A5C7E514-B2E6-44F0-8876-5BE81646F32E}.Debug|x64.ActiveCfg = Debug|x64
		{A5C7E514-B2E6-44F0-8876-5BE81646F32E}.Debug|x64.Build.0 = Debug|x64
		{A5C7E514-B2E6-44F0-8876-5BE81646F32E}.Debug|x86.ActiveCfg = Debug|Win32
		{A5C7E514-B2E6-44F0-8876-5BE81646F32E}.Debug|x86.Build.0 = Debug|Win32
		{A5C7E514-B2E6-44F0-8876-5BE81646F32E}.Release|x64.ActiveCfg = Release|x64
		{A5C7E514-B2E6-44F0-8876-5BE81646F32E}.Release|x64.Build.0 = Release|x64
		{A5C7E514-B2E6-44F0-8876-5BE81646F32E}.Release|x86.ActiveCfg = Release|Win32
		{A5C7E514-B2E6-44F0-8876-5BE81646F32E}.Release|x86.Build.0 = Release|Win32
		{CE5E4662-5C07-4F99-B2EE-C15C25D8FDEC}.Debug|x64.ActiveCfg = Debug|x64
		{CE5E4662-5C07-4F99-B2EE-C15C25D8FDEC}.Debug|x64.Build.0 = Debug|x64
		{CE5E4662-5C07-4F99-B2EE-C15C25D8FDEC}.Debug|x86.ActiveCfg = Debug|Win32
		{CE5E4662-5C07-4F99-B2EE-C15C25D8FDEC}.Debug|x86.Build.0 = Debug|Win32
		{CE5E4662-5C07-4F99-B2EE-C15C25D8FDEC}.Release|x64.ActiveCfg = Release|x64
		{CE5E4662-5C07-4F99-B2EE-C15C25D8FDEC}.Release|x64.Build.0 = Release|x64
		{CE5E4662-5C07-4F99-B2EE-C15C25D8FDEC}.Release|x86.ActiveCfg = Release|Win32
		{CE5E4662-5C07-4F99-B2EE-C15C25D8FDEC}.Release|x86.Build.0 = Release|Win32
		{AA7BB706-8FA8-4F77-A091-202AE5340883}.Debug|x64.ActiveCfg = Debug|x64
		{AA7BB706-8FA8-4F77-A091-202AE5340883}.Debug|x64.Build.0 = Debug|x64
		{AA7BB706-8FA8-4F77-A091-202AE5340883}.Debug|x86.ActiveCfg = Debug|Win32
		{AA7BB706-8FA8-4F77-A091-202AE5340883}.Debug|x86.Build.0 = Debug|Win32
		{AA7BB706-8FA8-4F77-A091-202AE5340883}.Release|x64.ActiveCfg = Release|x64
		{AA7BB706-8FA8-4F77-A091-202AE5340883}.Release|x64.Build.0 = Release|x64
		{AA7BB706-8FA8-4F77-A091-202AE5340883}.Release|x86.ActiveCfg = Release|Win32
		{AA7BB706-8FA8-4F77-A091-202AE5340883}.Release|x86.Build.0 = Release|Win32
		{2EB0D88E-369F-4307-A3AE-9A99C918DD2A}.Debug|x64.ActiveCfg = Debug|x64
		{2EB0D88E-369F-4307-A3AE-9A99C918DD2A}.Debug|x64.Build.0 = Debug|x64
		{2EB0D88E-369F-4307-A3AE-9A99C918DD2A}.Debug|x86.ActiveCfg = Debug|Win32
		{2EB0D88E-369F-4307-A3AE-9A99C918DD2A}.Debug|x86.Build.0 = Debug|Win32
		{2EB0D88E-369F-4307-A3AE-9A99C918DD2A}.Release|x64.ActiveCfg = Release|x64
		{2EB0D88E-369F-4307-A3AE-9A99C918DD2A}.Release|x64.Build.0 = Release|x64
		{2EB0D88E-369F-4307-A3AE-9A99C918DD2A}.Release|x86.ActiveCfg = Release|Win32
		{2EB0D88E-369F-4307-A3AE-9A99C918DD2A}.Release|x86.Build.0 = Release|Win32
		{F8ED7362-F489-44AB-9353-F45DE5E0E1BF}.Debug|x64.ActiveCfg = Debug|x64
		{F8ED7362-F489-44AB-9353-F45DE5E0E1BF}.Debug|x64.Build.0 = Debug|x64
		{F8ED7362-F489-44AB-9353-F45DE5E0E1BF}.Debug|x86.ActiveCfg = Debug|Win32
		{F8ED7362-F489-44AB-9353-F45DE5E0E1BF}.Debug|x86.Build.0 = Debug|Win32
		{F8ED7362-F489-44AB-9353-F45DE5E0E1BF}.Release|x64.ActiveCfg = Release|x64
		{F8ED7362-F489-44AB-9353-F45DE5E0E1BF}.Release|x64.Build.0 = Release|x64
		{F8ED7362-F489-44AB-9353-F45DE5E0E1BF}.Release|x86.ActiveCfg = Release|Win32
		{F8ED7362-F489-44AB-9353-F45DE5E0E1BF}.Release|x86.Build.0 = Release|Win32
		{7557AA5C-D815-4676-94F9-5496E7E84241}.Debug|x64.ActiveCfg = Debug|x64
		{7557AA5C-D815-4676-94F9-5496E7E84241}.Debug|x64.Build.0 = Debug|x64
		{7557AA5C-D815-4676-94F9-5496E7E84241}.Debug|x86.ActiveCfg = Debug|Win32
		{7557AA5C-D815-4676-94F9-5496E7E84241}.Debug|x86.Build.0 = Debug|Win32
		{7557AA5C-D815-4676-94F9-5496E7E84241}.Release|x64.ActiveCfg = Release|x64
		{7557AA5C-D815-4676-94F9-5496E7E84241}.Release|x64.Build.0 = Release|x64
		{7557AA5C-D815-4676-94F9-5496E7E84241}.Release|x86.ActiveCfg = Release|Win32
		{7557AA5C-D815-4676-94F9-5496E7E84241}.Release|x86.Build.0 = Release|Win32
		{6E201C30-5B2C-42C1-B822-81F674EECF5B}.Debug|x64.ActiveCfg = Debug|x64
		{6E201C30-5B2C-42C1-B822-81F674EECF5B}.Debug|x64.Build.0 = Debug|x64
		{6E201C30-5B2C-42C1-B822-81F674EECF5B}.Debug|x86.ActiveCfg = Debug|Win32
		{6E201C30-5B2C-42C1-B822-81F674EECF5B}.Debug|x86.Build.0 = Debug|Win32
		{6E201C30-5B2C-42C1-B822-81F674EECF5B}.Release|x64.ActiveCfg = Release|x64
		{6E201C30-5B2C-42C1-B822-81F674EECF5B}.Release|x64.Build.0 = Release|x64
		{6E201C30-5B2C-42C1-B822-81F674EECF5B}.Release|x86.ActiveCfg = Release|Win32
		{6E201C30-5B2C-42C1-B822-81F674EECF5B}.Release|x86.Build.0 = Release|Win32
		{D5059B74-9D49-4656-9732-398A7AF423F5}.Debug|x64.ActiveCfg = Debug|x64
		{D5059B74-9D49-4656-9732-398A7AF423F5}.Debug|x64.Build.0 = Debug|x64
		{D5059B74-9D49-4656-9732-398A7AF423F5}.Debug|x86.ActiveCfg = Debug|Win32
		{D5059B74-9D49-4656-9732-398A7AF423F5}.Debug|x86.Build.0 = Debug|Win32
		{D5059B74-9D49-4656-9732-398A7AF423F5}.Release|x64.ActiveCfg = Release|x64
		{D5059B74-9D49-4656-9732-398A7AF423F5}.Release|x64.Build.0 = Release|x64
		{D5059B74-9D49-4656-9732-398A7AF423F5}.Release|x86.ActiveCfg = Release|Win32
		{D5059B74-9D49-4656-9732-398A7AF423F5}.Release|x86.Build.0 = Release|Win32
		{B7A7051E-74DF-4BD6-B5A2-7BE80FE057F9}.Debug|x64.ActiveCfg = Debug|x64
		{B7A7051E-74DF-4BD6-B5A2-7BE80FE057F9}.Debug|x64.Build.0 = Debug|x64
		{B7A7051E-74DF-4BD6-B5A2-7BE80FE057F9}.Debug|x86.ActiveCfg = Debug|Win32
		{B7A7051E-74DF-4BD6-B5A2-7BE80FE057F9}.Debug|x86.Build.0 = Debug|Win32
		{B7A7051E-74DF-4BD6-B5A2-7BE80FE057F9}.Release|x64.ActiveCfg = Release|x64
		{B7A7051E-74DF-4BD6-B5A2-7BE80FE057F9}.Release|x64.Build.0 = Release|x64
		{B7A7051E-74DF-4BD6-B5A2-7BE80FE057F9}.Release|x86.ActiveCfg = Release|Win32
		{B7A7051E-74DF-4BD6-B5A2-7BE80FE057F9}.Release|x86.Build.0 = Release|Win32
	EndGlobalSection
	GlobalSection(SolutionProperties) = preSolution
		HideSolutionNode = FALSE
	EndGlobalSection
	GlobalSection(ExtensibilityGlobals) = postSolution
		SolutionGuid = {A4E4A885-897D-48F2-81F0-7918C067A8FE}
	EndGlobalSection
EndGlobal
