
Microsoft Visual Studio Solution File, Format Version 12.00
# Visual Studio Version 17
VisualStudioVersion = 17.1.32328.378
MinimumVisualStudioVersion = 10.0.40219.1
Project("{8BC9CEB8-8B4A-11D0-8D11-00A0C91BC942}") = "Inharitance", "Inharitance\Inharitance.vcxproj", "{7A01E4E8-5C47-4253-91ED-BA2BAAAC5026}"
EndProject
Project("{8BC9CEB8-8B4A-11D0-8D11-00A0C91BC942}") = "Academy", "Academy\Academy.vcxproj", "{86693FFC-9C6C-44AB-8FD0-3756F91172AD}"
EndProject
Global
	GlobalSection(SolutionConfigurationPlatforms) = preSolution
		Debug|x64 = Debug|x64
		Debug|x86 = Debug|x86
		Release|x64 = Release|x64
		Release|x86 = Release|x86
	EndGlobalSection
	GlobalSection(ProjectConfigurationPlatforms) = postSolution
		{7A01E4E8-5C47-4253-91ED-BA2BAAAC5026}.Debug|x64.ActiveCfg = Debug|x64
		{7A01E4E8-5C47-4253-91ED-BA2BAAAC5026}.Debug|x64.Build.0 = Debug|x64
		{7A01E4E8-5C47-4253-91ED-BA2BAAAC5026}.Debug|x86.ActiveCfg = Debug|Win32
		{7A01E4E8-5C47-4253-91ED-BA2BAAAC5026}.Debug|x86.Build.0 = Debug|Win32
		{7A01E4E8-5C47-4253-91ED-BA2BAAAC5026}.Release|x64.ActiveCfg = Release|x64
		{7A01E4E8-5C47-4253-91ED-BA2BAAAC5026}.Release|x64.Build.0 = Release|x64
		{7A01E4E8-5C47-4253-91ED-BA2BAAAC5026}.Release|x86.ActiveCfg = Release|Win32
		{7A01E4E8-5C47-4253-91ED-BA2BAAAC5026}.Release|x86.Build.0 = Release|Win32
		{86693FFC-9C6C-44AB-8FD0-3756F91172AD}.Debug|x64.ActiveCfg = Debug|x64
		{86693FFC-9C6C-44AB-8FD0-3756F91172AD}.Debug|x64.Build.0 = Debug|x64
		{86693FFC-9C6C-44AB-8FD0-3756F91172AD}.Debug|x86.ActiveCfg = Debug|Win32
		{86693FFC-9C6C-44AB-8FD0-3756F91172AD}.Debug|x86.Build.0 = Debug|Win32
		{86693FFC-9C6C-44AB-8FD0-3756F91172AD}.Release|x64.ActiveCfg = Release|x64
		{86693FFC-9C6C-44AB-8FD0-3756F91172AD}.Release|x64.Build.0 = Release|x64
		{86693FFC-9C6C-44AB-8FD0-3756F91172AD}.Release|x86.ActiveCfg = Release|Win32
		{86693FFC-9C6C-44AB-8FD0-3756F91172AD}.Release|x86.Build.0 = Release|Win32
	EndGlobalSection
	GlobalSection(SolutionProperties) = preSolution
		HideSolutionNode = FALSE
	EndGlobalSection
	GlobalSection(ExtensibilityGlobals) = postSolution
		SolutionGuid = {DA34117A-21B9-4624-A704-FD358B918887}
	EndGlobalSection
EndGlobal
